
Microsoft Visual Studio Solution File, Format Version 12.00
# Visual Studio Version 16
VisualStudioVersion = 16.0.30011.22
MinimumVisualStudioVersion = 10.0.40219.1
Project("{FAE04EC0-301F-11D3-BF4B-00C04F79EFBC}") = "1505KishoreWebApplicationVS", "1505KishoreWebApplicationVS\1505KishoreWebApplicationVS.csproj", "{9EC8CA6F-9A0C-4F2D-BA7F-F84EAD928EC9}"
EndProject
Global
	GlobalSection(SolutionConfigurationPlatforms) = preSolution
		Debug|Any CPU = Debug|Any CPU
		Release|Any CPU = Release|Any CPU
	EndGlobalSection
	GlobalSection(ProjectConfigurationPlatforms) = postSolution
		{9EC8CA6F-9A0C-4F2D-BA7F-F84EAD928EC9}.Debug|Any CPU.ActiveCfg = Debug|Any CPU
		{9EC8CA6F-9A0C-4F2D-BA7F-F84EAD928EC9}.Debug|Any CPU.Build.0 = Debug|Any CPU
		{9EC8CA6F-9A0C-4F2D-BA7F-F84EAD928EC9}.Release|Any CPU.ActiveCfg = Release|Any CPU
		{9EC8CA6F-9A0C-4F2D-BA7F-F84EAD928EC9}.Release|Any CPU.Build.0 = Release|Any CPU
	EndGlobalSection
	GlobalSection(SolutionProperties) = preSolution
		HideSolutionNode = FALSE
	EndGlobalSection
	GlobalSection(ExtensibilityGlobals) = postSolution
		SolutionGuid = {F799AD35-2973-436B-A2DC-5A084DC25C09}
	EndGlobalSection
EndGlobal
